
Microsoft Visual Studio Solution File, Format Version 12.00
# Visual Studio 15
VisualStudioVersion = 15.0.26124.0
MinimumVisualStudioVersion = 15.0.26124.0
Project("{FAE04EC0-301F-11D3-BF4B-00C04F79EFBC}") = "Test.Api", "Test.Api\Test.Api.csproj", "{E94FD996-E988-45D5-B2DE-306A4B70F5B7}"
EndProject
Project("{FAE04EC0-301F-11D3-BF4B-00C04F79EFBC}") = "Test.Services", "Test.Services\Test.Services.csproj", "{7761B8A2-6183-4844-A05E-86C88B9BBCA4}"
EndProject
Project("{FAE04EC0-301F-11D3-BF4B-00C04F79EFBC}") = "Test.Utilities", "Test.Utilities\Test.Utilities.csproj", "{113DE05E-F9D6-4A25-843A-5C42A307F923}"
EndProject
Project("{FAE04EC0-301F-11D3-BF4B-00C04F79EFBC}") = "Test.Data", "Test.Data\Test.Data.csproj", "{9F144862-B8CD-41CD-BD7B-5086775C7CAE}"
EndProject
Project("{FAE04EC0-301F-11D3-BF4B-00C04F79EFBC}") = "Test.Shared", "Test.Shared\Test.Shared.csproj", "{3AC07A28-A8EF-4A68-A555-4E1B6B43EED5}"
EndProject
Global
	GlobalSection(SolutionConfigurationPlatforms) = preSolution
		Debug|Any CPU = Debug|Any CPU
		Debug|x64 = Debug|x64
		Debug|x86 = Debug|x86
		Release|Any CPU = Release|Any CPU
		Release|x64 = Release|x64
		Release|x86 = Release|x86
	EndGlobalSection
	GlobalSection(SolutionProperties) = preSolution
		HideSolutionNode = FALSE
	EndGlobalSection
	GlobalSection(ProjectConfigurationPlatforms) = postSolution
		{E94FD996-E988-45D5-B2DE-306A4B70F5B7}.Debug|Any CPU.ActiveCfg = Debug|Any CPU
		{E94FD996-E988-45D5-B2DE-306A4B70F5B7}.Debug|Any CPU.Build.0 = Debug|Any CPU
		{E94FD996-E988-45D5-B2DE-306A4B70F5B7}.Debug|x64.ActiveCfg = Debug|Any CPU
		{E94FD996-E988-45D5-B2DE-306A4B70F5B7}.Debug|x64.Build.0 = Debug|Any CPU
		{E94FD996-E988-45D5-B2DE-306A4B70F5B7}.Debug|x86.ActiveCfg = Debug|Any CPU
		{E94FD996-E988-45D5-B2DE-306A4B70F5B7}.Debug|x86.Build.0 = Debug|Any CPU
		{E94FD996-E988-45D5-B2DE-306A4B70F5B7}.Release|Any CPU.ActiveCfg = Release|Any CPU
		{E94FD996-E988-45D5-B2DE-306A4B70F5B7}.Release|Any CPU.Build.0 = Release|Any CPU
		{E94FD996-E988-45D5-B2DE-306A4B70F5B7}.Release|x64.ActiveCfg = Release|Any CPU
		{E94FD996-E988-45D5-B2DE-306A4B70F5B7}.Release|x64.Build.0 = Release|Any CPU
		{E94FD996-E988-45D5-B2DE-306A4B70F5B7}.Release|x86.ActiveCfg = Release|Any CPU
		{E94FD996-E988-45D5-B2DE-306A4B70F5B7}.Release|x86.Build.0 = Release|Any CPU
		{7761B8A2-6183-4844-A05E-86C88B9BBCA4}.Debug|Any CPU.ActiveCfg = Debug|Any CPU
		{7761B8A2-6183-4844-A05E-86C88B9BBCA4}.Debug|Any CPU.Build.0 = Debug|Any CPU
		{7761B8A2-6183-4844-A05E-86C88B9BBCA4}.Debug|x64.ActiveCfg = Debug|Any CPU
		{7761B8A2-6183-4844-A05E-86C88B9BBCA4}.Debug|x64.Build.0 = Debug|Any CPU
		{7761B8A2-6183-4844-A05E-86C88B9BBCA4}.Debug|x86.ActiveCfg = Debug|Any CPU
		{7761B8A2-6183-4844-A05E-86C88B9BBCA4}.Debug|x86.Build.0 = Debug|Any CPU
		{7761B8A2-6183-4844-A05E-86C88B9BBCA4}.Release|Any CPU.ActiveCfg = Release|Any CPU
		{7761B8A2-6183-4844-A05E-86C88B9BBCA4}.Release|Any CPU.Build.0 = Release|Any CPU
		{7761B8A2-6183-4844-A05E-86C88B9BBCA4}.Release|x64.ActiveCfg = Release|Any CPU
		{7761B8A2-6183-4844-A05E-86C88B9BBCA4}.Release|x64.Build.0 = Release|Any CPU
		{7761B8A2-6183-4844-A05E-86C88B9BBCA4}.Release|x86.ActiveCfg = Release|Any CPU
		{7761B8A2-6183-4844-A05E-86C88B9BBCA4}.Release|x86.Build.0 = Release|Any CPU
		{113DE05E-F9D6-4A25-843A-5C42A307F923}.Debug|Any CPU.ActiveCfg = Debug|Any CPU
		{113DE05E-F9D6-4A25-843A-5C42A307F923}.Debug|Any CPU.Build.0 = Debug|Any CPU
		{113DE05E-F9D6-4A25-843A-5C42A307F923}.Debug|x64.ActiveCfg = Debug|Any CPU
		{113DE05E-F9D6-4A25-843A-5C42A307F923}.Debug|x64.Build.0 = Debug|Any CPU
		{113DE05E-F9D6-4A25-843A-5C42A307F923}.Debug|x86.ActiveCfg = Debug|Any CPU
		{113DE05E-F9D6-4A25-843A-5C42A307F923}.Debug|x86.Build.0 = Debug|Any CPU
		{113DE05E-F9D6-4A25-843A-5C42A307F923}.Release|Any CPU.ActiveCfg = Release|Any CPU
		{113DE05E-F9D6-4A25-843A-5C42A307F923}.Release|Any CPU.Build.0 = Release|Any CPU
		{113DE05E-F9D6-4A25-843A-5C42A307F923}.Release|x64.ActiveCfg = Release|Any CPU
		{113DE05E-F9D6-4A25-843A-5C42A307F923}.Release|x64.Build.0 = Release|Any CPU
		{113DE05E-F9D6-4A25-843A-5C42A307F923}.Release|x86.ActiveCfg = Release|Any CPU
		{113DE05E-F9D6-4A25-843A-5C42A307F923}.Release|x86.Build.0 = Release|Any CPU
		{9F144862-B8CD-41CD-BD7B-5086775C7CAE}.Debug|Any CPU.ActiveCfg = Debug|Any CPU
		{9F144862-B8CD-41CD-BD7B-5086775C7CAE}.Debug|Any CPU.Build.0 = Debug|Any CPU
		{9F144862-B8CD-41CD-BD7B-5086775C7CAE}.Debug|x64.ActiveCfg = Debug|Any CPU
		{9F144862-B8CD-41CD-BD7B-5086775C7CAE}.Debug|x64.Build.0 = Debug|Any CPU
		{9F144862-B8CD-41CD-BD7B-5086775C7CAE}.Debug|x86.ActiveCfg = Debug|Any CPU
		{9F144862-B8CD-41CD-BD7B-5086775C7CAE}.Debug|x86.Build.0 = Debug|Any CPU
		{9F144862-B8CD-41CD-BD7B-5086775C7CAE}.Release|Any CPU.ActiveCfg = Release|Any CPU
		{9F144862-B8CD-41CD-BD7B-5086775C7CAE}.Release|Any CPU.Build.0 = Release|Any CPU
		{9F144862-B8CD-41CD-BD7B-5086775C7CAE}.Release|x64.ActiveCfg = Release|Any CPU
		{9F144862-B8CD-41CD-BD7B-5086775C7CAE}.Release|x64.Build.0 = Release|Any CPU
		{9F144862-B8CD-41CD-BD7B-5086775C7CAE}.Release|x86.ActiveCfg = Release|Any CPU
		{9F144862-B8CD-41CD-BD7B-5086775C7CAE}.Release|x86.Build.0 = Release|Any CPU
		{3AC07A28-A8EF-4A68-A555-4E1B6B43EED5}.Debug|Any CPU.ActiveCfg = Debug|Any CPU
		{3AC07A28-A8EF-4A68-A555-4E1B6B43EED5}.Debug|Any CPU.Build.0 = Debug|Any CPU
		{3AC07A28-A8EF-4A68-A555-4E1B6B43EED5}.Debug|x64.ActiveCfg = Debug|Any CPU
		{3AC07A28-A8EF-4A68-A555-4E1B6B43EED5}.Debug|x64.Build.0 = Debug|Any CPU
		{3AC07A28-A8EF-4A68-A555-4E1B6B43EED5}.Debug|x86.ActiveCfg = Debug|Any CPU
		{3AC07A28-A8EF-4A68-A555-4E1B6B43EED5}.Debug|x86.Build.0 = Debug|Any CPU
		{3AC07A28-A8EF-4A68-A555-4E1B6B43EED5}.Release|Any CPU.ActiveCfg = Release|Any CPU
		{3AC07A28-A8EF-4A68-A555-4E1B6B43EED5}.Release|Any CPU.Build.0 = Release|Any CPU
		{3AC07A28-A8EF-4A68-A555-4E1B6B43EED5}.Release|x64.ActiveCfg = Release|Any CPU
		{3AC07A28-A8EF-4A68-A555-4E1B6B43EED5}.Release|x64.Build.0 = Release|Any CPU
		{3AC07A28-A8EF-4A68-A555-4E1B6B43EED5}.Release|x86.ActiveCfg = Release|Any CPU
		{3AC07A28-A8EF-4A68-A555-4E1B6B43EED5}.Release|x86.Build.0 = Release|Any CPU
	EndGlobalSection
EndGlobal
